
Microsoft Visual Studio Solution File, Format Version 12.00
# Visual Studio Version 17
VisualStudioVersion = 17.0.31912.275
MinimumVisualStudioVersion = 10.0.40219.1
Project("{9A19103F-16F7-4668-BE54-9A1E7A4F7556}") = "Day01", "Day01\Day01.csproj", "{438AA044-4CB8-42B1-853B-3BA43D442621}"
EndProject
Project("{9A19103F-16F7-4668-BE54-9A1E7A4F7556}") = "Day02", "Day02\Day02.csproj", "{E9EB3F7E-A613-400F-81D9-9E8140F03D56}"
EndProject
Project("{9A19103F-16F7-4668-BE54-9A1E7A4F7556}") = "Day01Stream", "Day01Stream\Day01Stream.csproj", "{A297C49A-515B-4D0F-A4FB-FE8981E25AA1}"
EndProject
Project("{9A19103F-16F7-4668-BE54-9A1E7A4F7556}") = "Day02Stream", "Day02Stream\Day02Stream.csproj", "{9681ED44-FB8F-4AB1-8C4E-5AFB215C42CE}"
EndProject
Project("{9A19103F-16F7-4668-BE54-9A1E7A4F7556}") = "Day03", "Day03\Day03.csproj", "{34F80417-E263-4E06-B0CD-93C0F18576FE}"
EndProject
Project("{9A19103F-16F7-4668-BE54-9A1E7A4F7556}") = "Day04", "Day04\Day04.csproj", "{324EE609-E273-4559-B398-1C4AB8A151F4}"
EndProject
Project("{9A19103F-16F7-4668-BE54-9A1E7A4F7556}") = "Day05", "Day05\Day05.csproj", "{E953E974-9D8F-4E1E-9576-B89F96203D18}"
EndProject
Project("{9A19103F-16F7-4668-BE54-9A1E7A4F7556}") = "Day06", "Day06\Day06.csproj", "{8294B0C4-523D-4D68-94A2-184F6121A5E4}"
EndProject
Project("{9A19103F-16F7-4668-BE54-9A1E7A4F7556}") = "Day07", "Day07\Day07.csproj", "{2825B4F9-A8B4-4B5B-A8A0-48BE32CB2537}"
EndProject
Project("{9A19103F-16F7-4668-BE54-9A1E7A4F7556}") = "Day08", "Day08\Day08.csproj", "{45B93825-6D3B-4BFD-A36D-7E77717082B3}"
EndProject
Project("{9A19103F-16F7-4668-BE54-9A1E7A4F7556}") = "Day09", "Day09\Day09.csproj", "{FC8B0CF8-EE90-47C5-B1A8-EA4163749A83}"
EndProject
Project("{9A19103F-16F7-4668-BE54-9A1E7A4F7556}") = "Day10", "Day10\Day10.csproj", "{7C7208A2-6AEA-49D5-B6FE-73073D314DE0}"
EndProject
Project("{9A19103F-16F7-4668-BE54-9A1E7A4F7556}") = "Day11", "Day11\Day11.csproj", "{5294C01E-7965-446E-86B9-232D1CC351E4}"
EndProject
Project("{9A19103F-16F7-4668-BE54-9A1E7A4F7556}") = "Day12", "Day12\Day12.csproj", "{C4F34990-8F90-4D90-802C-6C4C0B1453ED}"
EndProject
Project("{9A19103F-16F7-4668-BE54-9A1E7A4F7556}") = "Day13", "Day13\Day13.csproj", "{A1C5DB3E-3DBF-4F0D-B55F-D79D73E36F5E}"
EndProject
Project("{9A19103F-16F7-4668-BE54-9A1E7A4F7556}") = "Day14", "Day14\Day14.csproj", "{E9B4538B-B181-47D0-B7DF-CCB4CDAC9985}"
EndProject
Project("{FAE04EC0-301F-11D3-BF4B-00C04F79EFBC}") = "Day15", "Day15\Day15.csproj", "{9CAFD7F1-6E7E-438B-87C8-EF8A6860E5F9}"
EndProject
Global
	GlobalSection(SolutionConfigurationPlatforms) = preSolution
		Debug|Any CPU = Debug|Any CPU
		Release|Any CPU = Release|Any CPU
	EndGlobalSection
	GlobalSection(ProjectConfigurationPlatforms) = postSolution
		{438AA044-4CB8-42B1-853B-3BA43D442621}.Debug|Any CPU.ActiveCfg = Debug|Any CPU
		{438AA044-4CB8-42B1-853B-3BA43D442621}.Debug|Any CPU.Build.0 = Debug|Any CPU
		{438AA044-4CB8-42B1-853B-3BA43D442621}.Release|Any CPU.ActiveCfg = Release|Any CPU
		{438AA044-4CB8-42B1-853B-3BA43D442621}.Release|Any CPU.Build.0 = Release|Any CPU
		{E9EB3F7E-A613-400F-81D9-9E8140F03D56}.Debug|Any CPU.ActiveCfg = Debug|Any CPU
		{E9EB3F7E-A613-400F-81D9-9E8140F03D56}.Debug|Any CPU.Build.0 = Debug|Any CPU
		{E9EB3F7E-A613-400F-81D9-9E8140F03D56}.Release|Any CPU.ActiveCfg = Release|Any CPU
		{E9EB3F7E-A613-400F-81D9-9E8140F03D56}.Release|Any CPU.Build.0 = Release|Any CPU
		{A297C49A-515B-4D0F-A4FB-FE8981E25AA1}.Debug|Any CPU.ActiveCfg = Debug|Any CPU
		{A297C49A-515B-4D0F-A4FB-FE8981E25AA1}.Debug|Any CPU.Build.0 = Debug|Any CPU
		{A297C49A-515B-4D0F-A4FB-FE8981E25AA1}.Release|Any CPU.ActiveCfg = Release|Any CPU
		{A297C49A-515B-4D0F-A4FB-FE8981E25AA1}.Release|Any CPU.Build.0 = Release|Any CPU
		{9681ED44-FB8F-4AB1-8C4E-5AFB215C42CE}.Debug|Any CPU.ActiveCfg = Debug|Any CPU
		{9681ED44-FB8F-4AB1-8C4E-5AFB215C42CE}.Debug|Any CPU.Build.0 = Debug|Any CPU
		{9681ED44-FB8F-4AB1-8C4E-5AFB215C42CE}.Release|Any CPU.ActiveCfg = Release|Any CPU
		{9681ED44-FB8F-4AB1-8C4E-5AFB215C42CE}.Release|Any CPU.Build.0 = Release|Any CPU
		{34F80417-E263-4E06-B0CD-93C0F18576FE}.Debug|Any CPU.ActiveCfg = Debug|Any CPU
		{34F80417-E263-4E06-B0CD-93C0F18576FE}.Debug|Any CPU.Build.0 = Debug|Any CPU
		{34F80417-E263-4E06-B0CD-93C0F18576FE}.Release|Any CPU.ActiveCfg = Release|Any CPU
		{34F80417-E263-4E06-B0CD-93C0F18576FE}.Release|Any CPU.Build.0 = Release|Any CPU
		{324EE609-E273-4559-B398-1C4AB8A151F4}.Debug|Any CPU.ActiveCfg = Debug|Any CPU
		{324EE609-E273-4559-B398-1C4AB8A151F4}.Debug|Any CPU.Build.0 = Debug|Any CPU
		{324EE609-E273-4559-B398-1C4AB8A151F4}.Release|Any CPU.ActiveCfg = Release|Any CPU
		{324EE609-E273-4559-B398-1C4AB8A151F4}.Release|Any CPU.Build.0 = Release|Any CPU
		{E953E974-9D8F-4E1E-9576-B89F96203D18}.Debug|Any CPU.ActiveCfg = Debug|Any CPU
		{E953E974-9D8F-4E1E-9576-B89F96203D18}.Debug|Any CPU.Build.0 = Debug|Any CPU
		{E953E974-9D8F-4E1E-9576-B89F96203D18}.Release|Any CPU.ActiveCfg = Release|Any CPU
		{E953E974-9D8F-4E1E-9576-B89F96203D18}.Release|Any CPU.Build.0 = Release|Any CPU
		{8294B0C4-523D-4D68-94A2-184F6121A5E4}.Debug|Any CPU.ActiveCfg = Debug|Any CPU
		{8294B0C4-523D-4D68-94A2-184F6121A5E4}.Debug|Any CPU.Build.0 = Debug|Any CPU
		{8294B0C4-523D-4D68-94A2-184F6121A5E4}.Release|Any CPU.ActiveCfg = Release|Any CPU
		{8294B0C4-523D-4D68-94A2-184F6121A5E4}.Release|Any CPU.Build.0 = Release|Any CPU
		{2825B4F9-A8B4-4B5B-A8A0-48BE32CB2537}.Debug|Any CPU.ActiveCfg = Debug|Any CPU
		{2825B4F9-A8B4-4B5B-A8A0-48BE32CB2537}.Debug|Any CPU.Build.0 = Debug|Any CPU
		{2825B4F9-A8B4-4B5B-A8A0-48BE32CB2537}.Release|Any CPU.ActiveCfg = Release|Any CPU
		{2825B4F9-A8B4-4B5B-A8A0-48BE32CB2537}.Release|Any CPU.Build.0 = Release|Any CPU
		{45B93825-6D3B-4BFD-A36D-7E77717082B3}.Debug|Any CPU.ActiveCfg = Debug|Any CPU
		{45B93825-6D3B-4BFD-A36D-7E77717082B3}.Debug|Any CPU.Build.0 = Debug|Any CPU
		{45B93825-6D3B-4BFD-A36D-7E77717082B3}.Release|Any CPU.ActiveCfg = Release|Any CPU
		{45B93825-6D3B-4BFD-A36D-7E77717082B3}.Release|Any CPU.Build.0 = Release|Any CPU
		{FC8B0CF8-EE90-47C5-B1A8-EA4163749A83}.Debug|Any CPU.ActiveCfg = Debug|Any CPU
		{FC8B0CF8-EE90-47C5-B1A8-EA4163749A83}.Debug|Any CPU.Build.0 = Debug|Any CPU
		{FC8B0CF8-EE90-47C5-B1A8-EA4163749A83}.Release|Any CPU.ActiveCfg = Release|Any CPU
		{FC8B0CF8-EE90-47C5-B1A8-EA4163749A83}.Release|Any CPU.Build.0 = Release|Any CPU
		{7C7208A2-6AEA-49D5-B6FE-73073D314DE0}.Debug|Any CPU.ActiveCfg = Debug|Any CPU
		{7C7208A2-6AEA-49D5-B6FE-73073D314DE0}.Debug|Any CPU.Build.0 = Debug|Any CPU
		{7C7208A2-6AEA-49D5-B6FE-73073D314DE0}.Release|Any CPU.ActiveCfg = Release|Any CPU
		{7C7208A2-6AEA-49D5-B6FE-73073D314DE0}.Release|Any CPU.Build.0 = Release|Any CPU
		{5294C01E-7965-446E-86B9-232D1CC351E4}.Debug|Any CPU.ActiveCfg = Debug|Any CPU
		{5294C01E-7965-446E-86B9-232D1CC351E4}.Debug|Any CPU.Build.0 = Debug|Any CPU
		{5294C01E-7965-446E-86B9-232D1CC351E4}.Release|Any CPU.ActiveCfg = Release|Any CPU
		{5294C01E-7965-446E-86B9-232D1CC351E4}.Release|Any CPU.Build.0 = Release|Any CPU
		{C4F34990-8F90-4D90-802C-6C4C0B1453ED}.Debug|Any CPU.ActiveCfg = Debug|Any CPU
		{C4F34990-8F90-4D90-802C-6C4C0B1453ED}.Debug|Any CPU.Build.0 = Debug|Any CPU
		{C4F34990-8F90-4D90-802C-6C4C0B1453ED}.Release|Any CPU.ActiveCfg = Release|Any CPU
		{C4F34990-8F90-4D90-802C-6C4C0B1453ED}.Release|Any CPU.Build.0 = Release|Any CPU
		{A1C5DB3E-3DBF-4F0D-B55F-D79D73E36F5E}.Debug|Any CPU.ActiveCfg = Debug|Any CPU
		{A1C5DB3E-3DBF-4F0D-B55F-D79D73E36F5E}.Debug|Any CPU.Build.0 = Debug|Any CPU
		{A1C5DB3E-3DBF-4F0D-B55F-D79D73E36F5E}.Release|Any CPU.ActiveCfg = Release|Any CPU
		{A1C5DB3E-3DBF-4F0D-B55F-D79D73E36F5E}.Release|Any CPU.Build.0 = Release|Any CPU
		{E9B4538B-B181-47D0-B7DF-CCB4CDAC9985}.Debug|Any CPU.ActiveCfg = Debug|Any CPU
		{E9B4538B-B181-47D0-B7DF-CCB4CDAC9985}.Debug|Any CPU.Build.0 = Debug|Any CPU
		{E9B4538B-B181-47D0-B7DF-CCB4CDAC9985}.Release|Any CPU.ActiveCfg = Release|Any CPU
		{E9B4538B-B181-47D0-B7DF-CCB4CDAC9985}.Release|Any CPU.Build.0 = Release|Any CPU
		{9CAFD7F1-6E7E-438B-87C8-EF8A6860E5F9}.Debug|Any CPU.ActiveCfg = Debug|Any CPU
		{9CAFD7F1-6E7E-438B-87C8-EF8A6860E5F9}.Debug|Any CPU.Build.0 = Debug|Any CPU
		{9CAFD7F1-6E7E-438B-87C8-EF8A6860E5F9}.Release|Any CPU.ActiveCfg = Release|Any CPU
		{9CAFD7F1-6E7E-438B-87C8-EF8A6860E5F9}.Release|Any CPU.Build.0 = Release|Any CPU
	EndGlobalSection
	GlobalSection(SolutionProperties) = preSolution
		HideSolutionNode = FALSE
	EndGlobalSection
	GlobalSection(ExtensibilityGlobals) = postSolution
		SolutionGuid = {4E49AF59-E3A3-4AAB-99CB-9132DEBBC3AF}
	EndGlobalSection
EndGlobal
